
Microsoft Visual Studio Solution File, Format Version 12.00
# Visual Studio Version 17
VisualStudioVersion = 17.3.32929.385
MinimumVisualStudioVersion = 10.0.40219.1
Project("{9A19103F-16F7-4668-BE54-9A1E7A4F7556}") = "AkasiaTest.ConsoleApp", "ConsoleApp\AkasiaTest.ConsoleApp.csproj", "{72849F81-41F2-4CA6-82EA-E91E89EB2848}"
EndProject
Project("{9A19103F-16F7-4668-BE54-9A1E7A4F7556}") = "AkasiaTest.WebUI", "Web.UI\AkasiaTest.WebUI.csproj", "{6D3AFA75-4F94-441F-9CD8-476AE8A3931D}"
EndProject
Project("{9A19103F-16F7-4668-BE54-9A1E7A4F7556}") = "AkasiaTest.BusinessLogic", "BusinessLogic\AkasiaTest.BusinessLogic.csproj", "{843E3739-BF2E-4B06-A29F-6AB8BDCCC6F6}"
EndProject
Project("{FAE04EC0-301F-11D3-BF4B-00C04F79EFBC}") = "AkasiaTest.XUnit", "xUnitAkasiaTest\AkasiaTest.XUnit.csproj", "{A66337DC-A5EC-4083-A602-3658D430D74C}"
EndProject
Global
	GlobalSection(SolutionConfigurationPlatforms) = preSolution
		Debug|Any CPU = Debug|Any CPU
		Release|Any CPU = Release|Any CPU
	EndGlobalSection
	GlobalSection(ProjectConfigurationPlatforms) = postSolution
		{72849F81-41F2-4CA6-82EA-E91E89EB2848}.Debug|Any CPU.ActiveCfg = Debug|Any CPU
		{72849F81-41F2-4CA6-82EA-E91E89EB2848}.Debug|Any CPU.Build.0 = Debug|Any CPU
		{72849F81-41F2-4CA6-82EA-E91E89EB2848}.Release|Any CPU.ActiveCfg = Release|Any CPU
		{72849F81-41F2-4CA6-82EA-E91E89EB2848}.Release|Any CPU.Build.0 = Release|Any CPU
		{6D3AFA75-4F94-441F-9CD8-476AE8A3931D}.Debug|Any CPU.ActiveCfg = Debug|Any CPU
		{6D3AFA75-4F94-441F-9CD8-476AE8A3931D}.Debug|Any CPU.Build.0 = Debug|Any CPU
		{6D3AFA75-4F94-441F-9CD8-476AE8A3931D}.Release|Any CPU.ActiveCfg = Release|Any CPU
		{6D3AFA75-4F94-441F-9CD8-476AE8A3931D}.Release|Any CPU.Build.0 = Release|Any CPU
		{843E3739-BF2E-4B06-A29F-6AB8BDCCC6F6}.Debug|Any CPU.ActiveCfg = Debug|Any CPU
		{843E3739-BF2E-4B06-A29F-6AB8BDCCC6F6}.Debug|Any CPU.Build.0 = Debug|Any CPU
		{843E3739-BF2E-4B06-A29F-6AB8BDCCC6F6}.Release|Any CPU.ActiveCfg = Release|Any CPU
		{843E3739-BF2E-4B06-A29F-6AB8BDCCC6F6}.Release|Any CPU.Build.0 = Release|Any CPU
		{A66337DC-A5EC-4083-A602-3658D430D74C}.Debug|Any CPU.ActiveCfg = Debug|Any CPU
		{A66337DC-A5EC-4083-A602-3658D430D74C}.Debug|Any CPU.Build.0 = Debug|Any CPU
		{A66337DC-A5EC-4083-A602-3658D430D74C}.Release|Any CPU.ActiveCfg = Release|Any CPU
		{A66337DC-A5EC-4083-A602-3658D430D74C}.Release|Any CPU.Build.0 = Release|Any CPU
	EndGlobalSection
	GlobalSection(SolutionProperties) = preSolution
		HideSolutionNode = FALSE
	EndGlobalSection
	GlobalSection(ExtensibilityGlobals) = postSolution
		SolutionGuid = {E0E29199-9AC9-4119-8E73-D8DBE5029FCC}
	EndGlobalSection
EndGlobal
